// !$*UTF8*$!
{
	archiveVersion = 1;
	classes = {
	};
	objectVersion = 56;
	objects = {

/* Begin PBXBuildFile section */
		568CF8172B0394AF00AD978A /* AppDelegate.swift in Sources */ = {isa = PBXBuildFile; fileRef = 568CF8162B0394AF00AD978A /* AppDelegate.swift */; };
		568CF8192B0394AF00AD978A /* SceneDelegate.swift in Sources */ = {isa = PBXBuildFile; fileRef = 568CF8182B0394AF00AD978A /* SceneDelegate.swift */; };
		568CF81B2B0394AF00AD978A /* ViewController.swift in Sources */ = {isa = PBXBuildFile; fileRef = 568CF81A2B0394AF00AD978A /* ViewController.swift */; };
		568CF81E2B0394AF00AD978A /* Main.storyboard in Resources */ = {isa = PBXBuildFile; fileRef = 568CF81C2B0394AF00AD978A /* Main.storyboard */; };
		568CF8202B0394B100AD978A /* Assets.xcassets in Resources */ = {isa = PBXBuildFile; fileRef = 568CF81F2B0394B100AD978A /* Assets.xcassets */; };
		568CF8232B0394B100AD978A /* LaunchScreen.storyboard in Resources */ = {isa = PBXBuildFile; fileRef = 568CF8212B0394B100AD978A /* LaunchScreen.storyboard */; };
		568CF82E2B0394B100AD978A /* CustomVideoCamera_SwiftTests.swift in Sources */ = {isa = PBXBuildFile; fileRef = 568CF82D2B0394B100AD978A /* CustomVideoCamera_SwiftTests.swift */; };
		568CF8382B0394B100AD978A /* CustomVideoCamera_SwiftUITests.swift in Sources */ = {isa = PBXBuildFile; fileRef = 568CF8372B0394B100AD978A /* CustomVideoCamera_SwiftUITests.swift */; };
		568CF83A2B0394B100AD978A /* CustomVideoCamera_SwiftUITestsLaunchTests.swift in Sources */ = {isa = PBXBuildFile; fileRef = 568CF8392B0394B100AD978A /* CustomVideoCamera_SwiftUITestsLaunchTests.swift */; };
/* End PBXBuildFile section */

/* Begin PBXContainerItemProxy section */
		568CF82A2B0394B100AD978A /* PBXContainerItemProxy */ = {
			isa = PBXContainerItemProxy;
			containerPortal = 568CF80B2B0394AF00AD978A /* Project object */;
			proxyType = 1;
			remoteGlobalIDString = 568CF8122B0394AF00AD978A;
			remoteInfo = "CustomVideoCamera-Swift";
		};
		568CF8342B0394B100AD978A /* PBXContainerItemProxy */ = {
			isa = PBXContainerItemProxy;
			containerPortal = 568CF80B2B0394AF00AD978A /* Project object */;
			proxyType = 1;
			remoteGlobalIDString = 568CF8122B0394AF00AD978A;
			remoteInfo = "CustomVideoCamera-Swift";
		};
/* End PBXContainerItemProxy section */

/* Begin PBXFileReference section */
		568CF8132B0394AF00AD978A /* CustomVideoCamera-Swift.app */ = {isa = PBXFileReference; explicitFileType = wrapper.application; includeInIndex = 0; path = "CustomVideoCamera-Swift.app"; sourceTree = BUILT_PRODUCTS_DIR; };
		568CF8162B0394AF00AD978A /* AppDelegate.swift */ = {isa = PBXFileReference; lastKnownFileType = sourcecode.swift; path = AppDelegate.swift; sourceTree = "<group>"; };
		568CF8182B0394AF00AD978A /* SceneDelegate.swift */ = {isa = PBXFileReference; lastKnownFileType = sourcecode.swift; path = SceneDelegate.swift; sourceTree = "<group>"; };
		568CF81A2B0394AF00AD978A /* ViewController.swift */ = {isa = PBXFileReference; lastKnownFileType = sourcecode.swift; path = ViewController.swift; sourceTree = "<group>"; };
		568CF81D2B0394AF00AD978A /* Base */ = {isa = PBXFileReference; lastKnownFileType = file.storyboard; name = Base; path = Base.lproj/Main.storyboard; sourceTree = "<group>"; };
		568CF81F2B0394B100AD978A /* Assets.xcassets */ = {isa = PBXFileReference; lastKnownFileType = folder.assetcatalog; path = Assets.xcassets; sourceTree = "<group>"; };
		568CF8222B0394B100AD978A /* Base */ = {isa = PBXFileReference; lastKnownFileType = file.storyboard; name = Base; path = Base.lproj/LaunchScreen.storyboard; sourceTree = "<group>"; };
		568CF8242B0394B100AD978A /* Info.plist */ = {isa = PBXFileReference; lastKnownFileType = text.plist.xml; path = Info.plist; sourceTree = "<group>"; };
		568CF8292B0394B100AD978A /* CustomVideoCamera-SwiftTests.xctest */ = {isa = PBXFileReference; explicitFileType = wrapper.cfbundle; includeInIndex = 0; path = "CustomVideoCamera-SwiftTests.xctest"; sourceTree = BUILT_PRODUCTS_DIR; };
		568CF82D2B0394B100AD978A /* CustomVideoCamera_SwiftTests.swift */ = {isa = PBXFileReference; lastKnownFileType = sourcecode.swift; path = CustomVideoCamera_SwiftTests.swift; sourceTree = "<group>"; };
		568CF8332B0394B100AD978A /* CustomVideoCamera-SwiftUITests.xctest */ = {isa = PBXFileReference; explicitFileType = wrapper.cfbundle; includeInIndex = 0; path = "CustomVideoCamera-SwiftUITests.xctest"; sourceTree = BUILT_PRODUCTS_DIR; };
		568CF8372B0394B100AD978A /* CustomVideoCamera_SwiftUITests.swift */ = {isa = PBXFileReference; lastKnownFileType = sourcecode.swift; path = CustomVideoCamera_SwiftUITests.swift; sourceTree = "<group>"; };
		568CF8392B0394B100AD978A /* CustomVideoCamera_SwiftUITestsLaunchTests.swift */ = {isa = PBXFileReference; lastKnownFileType = sourcecode.swift; path = CustomVideoCamera_SwiftUITestsLaunchTests.swift; sourceTree = "<group>"; };
/* End PBXFileReference section */

/* Begin PBXFrameworksBuildPhase section */
		568CF8102B0394AF00AD978A /* Frameworks */ = {
			isa = PBXFrameworksBuildPhase;
			buildActionMask = 2147483647;
			files = (
			);
			runOnlyForDeploymentPostprocessing = 0;
		};
		568CF8262B0394B100AD978A /* Frameworks */ = {
			isa = PBXFrameworksBuildPhase;
			buildActionMask = 2147483647;
			files = (
			);
			runOnlyForDeploymentPostprocessing = 0;
		};
		568CF8302B0394B100AD978A /* Frameworks */ = {
			isa = PBXFrameworksBuildPhase;
			buildActionMask = 2147483647;
			files = (
			);
			runOnlyForDeploymentPostprocessing = 0;
		};
/* End PBXFrameworksBuildPhase section */

/* Begin PBXGroup section */
		568CF80A2B0394AF00AD978A = {
			isa = PBXGroup;
			children = (
				568CF8152B0394AF00AD978A /* CustomVideoCamera-Swift */,
				568CF82C2B0394B100AD978A /* CustomVideoCamera-SwiftTests */,
				568CF8362B0394B100AD978A /* CustomVideoCamera-SwiftUITests */,
				568CF8142B0394AF00AD978A /* Products */,
			);
			sourceTree = "<group>";
		};
		568CF8142B0394AF00AD978A /* Products */ = {
			isa = PBXGroup;
			children = (
				568CF8132B0394AF00AD978A /* CustomVideoCamera-Swift.app */,
				568CF8292B0394B100AD978A /* CustomVideoCamera-SwiftTests.xctest */,
				568CF8332B0394B100AD978A /* CustomVideoCamera-SwiftUITests.xctest */,
			);
			name = Products;
			sourceTree = "<group>";
		};
		568CF8152B0394AF00AD978A /* CustomVideoCamera-Swift */ = {
			isa = PBXGroup;
			children = (
				568CF8162B0394AF00AD978A /* AppDelegate.swift */,
				568CF8182B0394AF00AD978A /* SceneDelegate.swift */,
				568CF81A2B0394AF00AD978A /* ViewController.swift */,
				568CF81C2B0394AF00AD978A /* Main.storyboard */,
				568CF81F2B0394B100AD978A /* Assets.xcassets */,
				568CF8212B0394B100AD978A /* LaunchScreen.storyboard */,
				568CF8242B0394B100AD978A /* Info.plist */,
			);
			path = "CustomVideoCamera-Swift";
			sourceTree = "<group>";
		};
		568CF82C2B0394B100AD978A /* CustomVideoCamera-SwiftTests */ = {
			isa = PBXGroup;
			children = (
				568CF82D2B0394B100AD978A /* CustomVideoCamera_SwiftTests.swift */,
			);
			path = "CustomVideoCamera-SwiftTests";
			sourceTree = "<group>";
		};
		568CF8362B0394B100AD978A /* CustomVideoCamera-SwiftUITests */ = {
			isa = PBXGroup;
			children = (
				568CF8372B0394B100AD978A /* CustomVideoCamera_SwiftUITests.swift */,
				568CF8392B0394B100AD978A /* CustomVideoCamera_SwiftUITestsLaunchTests.swift */,
			);
			path = "CustomVideoCamera-SwiftUITests";
			sourceTree = "<group>";
		};
/* End PBXGroup section */

/* Begin PBXNativeTarget section */
		568CF8122B0394AF00AD978A /* CustomVideoCamera-Swift */ = {
			isa = PBXNativeTarget;
			buildConfigurationList = 568CF83D2B0394B100AD978A /* Build configuration list for PBXNativeTarget "CustomVideoCamera-Swift" */;
			buildPhases = (
				568CF80F2B0394AF00AD978A /* Sources */,
				568CF8102B0394AF00AD978A /* Frameworks */,
				568CF8112B0394AF00AD978A /* Resources */,
			);
			buildRules = (
			);
			dependencies = (
			);
			name = "CustomVideoCamera-Swift";
			productName = "CustomVideoCamera-Swift";
			productReference = 568CF8132B0394AF00AD978A /* CustomVideoCamera-Swift.app */;
			productType = "com.apple.product-type.application";
		};
		568CF8282B0394B100AD978A /* CustomVideoCamera-SwiftTests */ = {
			isa = PBXNativeTarget;
			buildConfigurationList = 568CF8402B0394B100AD978A /* Build configuration list for PBXNativeTarget "CustomVideoCamera-SwiftTests" */;
			buildPhases = (
				568CF8252B0394B100AD978A /* Sources */,
				568CF8262B0394B100AD978A /* Frameworks */,
				568CF8272B0394B100AD978A /* Resources */,
			);
			buildRules = (
			);
			dependencies = (
				568CF82B2B0394B100AD978A /* PBXTargetDependency */,
			);
			name = "CustomVideoCamera-SwiftTests";
			productName = "CustomVideoCamera-SwiftTests";
			productReference = 568CF8292B0394B100AD978A /* CustomVideoCamera-SwiftTests.xctest */;
			productType = "com.apple.product-type.bundle.unit-test";
		};
		568CF8322B0394B100AD978A /* CustomVideoCamera-SwiftUITests */ = {
			isa = PBXNativeTarget;
			buildConfigurationList = 568CF8432B0394B100AD978A /* Build configuration list for PBXNativeTarget "CustomVideoCamera-SwiftUITests" */;
			buildPhases = (
				568CF82F2B0394B100AD978A /* Sources */,
				568CF8302B0394B100AD978A /* Frameworks */,
				568CF8312B0394B100AD978A /* Resources */,
			);
			buildRules = (
			);
			dependencies = (
				568CF8352B0394B100AD978A /* PBXTargetDependency */,
			);
			name = "CustomVideoCamera-SwiftUITests";
			productName = "CustomVideoCamera-SwiftUITests";
			productReference = 568CF8332B0394B100AD978A /* CustomVideoCamera-SwiftUITests.xctest */;
			productType = "com.apple.product-type.bundle.ui-testing";
		};
/* End PBXNativeTarget section */

/* Begin PBXProject section */
		568CF80B2B0394AF00AD978A /* Project object */ = {
			isa = PBXProject;
			attributes = {
				BuildIndependentTargetsInParallel = 1;
				LastSwiftUpdateCheck = 1430;
				LastUpgradeCheck = 1430;
				TargetAttributes = {
					568CF8122B0394AF00AD978A = {
						CreatedOnToolsVersion = 14.3;
					};
					568CF8282B0394B100AD978A = {
						CreatedOnToolsVersion = 14.3;
						TestTargetID = 568CF8122B0394AF00AD978A;
					};
					568CF8322B0394B100AD978A = {
						CreatedOnToolsVersion = 14.3;
						TestTargetID = 568CF8122B0394AF00AD978A;
					};
				};
			};
			buildConfigurationList = 568CF80E2B0394AF00AD978A /* Build configuration list for PBXProject "CustomVideoCamera-Swift" */;
			compatibilityVersion = "Xcode 14.0";
			developmentRegion = en;
			hasScannedForEncodings = 0;
			knownRegions = (
				en,
				Base,
			);
			mainGroup = 568CF80A2B0394AF00AD978A;
			productRefGroup = 568CF8142B0394AF00AD978A /* Products */;
			projectDirPath = "";
			projectRoot = "";
			targets = (
				568CF8122B0394AF00AD978A /* CustomVideoCamera-Swift */,
				568CF8282B0394B100AD978A /* CustomVideoCamera-SwiftTests */,
				568CF8322B0394B100AD978A /* CustomVideoCamera-SwiftUITests */,
			);
		};
/* End PBXProject section */

/* Begin PBXResourcesBuildPhase section */
		568CF8112B0394AF00AD978A /* Resources */ = {
			isa = PBXResourcesBuildPhase;
			buildActionMask = 2147483647;
			files = (
				568CF8232B0394B100AD978A /* LaunchScreen.storyboard in Resources */,
				568CF8202B0394B100AD978A /* Assets.xcassets in Resources */,
				568CF81E2B0394AF00AD978A /* Main.storyboard in Resources */,
			);
			runOnlyForDeploymentPostprocessing = 0;
		};
		568CF8272B0394B100AD978A /* Resources */ = {
			isa = PBXResourcesBuildPhase;
			buildActionMask = 2147483647;
			files = (
			);
			runOnlyForDeploymentPostprocessing = 0;
		};
		568CF8312B0394B100AD978A /* Resources */ = {
			isa = PBXResourcesBuildPhase;
			buildActionMask = 2147483647;
			files = (
			);
			runOnlyForDeploymentPostprocessing = 0;
		};
/* End PBXResourcesBuildPhase section */

/* Begin PBXSourcesBuildPhase section */
		568CF80F2B0394AF00AD978A /* Sources */ = {
			isa = PBXSourcesBuildPhase;
			buildActionMask = 2147483647;
			files = (
				568CF81B2B0394AF00AD978A /* ViewController.swift in Sources */,
				568CF8172B0394AF00AD978A /* AppDelegate.swift in Sources */,
				568CF8192B0394AF00AD978A /* SceneDelegate.swift in Sources */,
			);
			runOnlyForDeploymentPostprocessing = 0;
		};
		568CF8252B0394B100AD978A /* Sources */ = {
			isa = PBXSourcesBuildPhase;
			buildActionMask = 2147483647;
			files = (
				568CF82E2B0394B100AD978A /* CustomVideoCamera_SwiftTests.swift in Sources */,
			);
			runOnlyForDeploymentPostprocessing = 0;
		};
		568CF82F2B0394B100AD978A /* Sources */ = {
			isa = PBXSourcesBuildPhase;
			buildActionMask = 2147483647;
			files = (
				568CF83A2B0394B100AD978A /* CustomVideoCamera_SwiftUITestsLaunchTests.swift in Sources */,
				568CF8382B0394B100AD978A /* CustomVideoCamera_SwiftUITests.swift in Sources */,
			);
			runOnlyForDeploymentPostprocessing = 0;
		};
/* End PBXSourcesBuildPhase section */

/* Begin PBXTargetDependency section */
		568CF82B2B0394B100AD978A /* PBXTargetDependency */ = {
			isa = PBXTargetDependency;
			target = 568CF8122B0394AF00AD978A /* CustomVideoCamera-Swift */;
			targetProxy = 568CF82A2B0394B100AD978A /* PBXContainerItemProxy */;
		};
		568CF8352B0394B100AD978A /* PBXTargetDependency */ = {
			isa = PBXTargetDependency;
			target = 568CF8122B0394AF00AD978A /* CustomVideoCamera-Swift */;
			targetProxy = 568CF8342B0394B100AD978A /* PBXContainerItemProxy */;
		};
/* End PBXTargetDependency section */

/* Begin PBXVariantGroup section */
		568CF81C2B0394AF00AD978A /* Main.storyboard */ = {
			isa = PBXVariantGroup;
			children = (
				568CF81D2B0394AF00AD978A /* Base */,
			);
			name = Main.storyboard;
			sourceTree = "<group>";
		};
		568CF8212B0394B100AD978A /* LaunchScreen.storyboard */ = {
			isa = PBXVariantGroup;
			children = (
				568CF8222B0394B100AD978A /* Base */,
			);
			name = LaunchScreen.storyboard;
			sourceTree = "<group>";
		};
/* End PBXVariantGroup section */

/* Begin XCBuildConfiguration section */
		568CF83B2B0394B100AD978A /* Debug */ = {
			isa = XCBuildConfiguration;
			buildSettings = {
				ALWAYS_SEARCH_USER_PATHS = NO;
				CLANG_ANALYZER_NONNULL = YES;
				CLANG_ANALYZER_NUMBER_OBJECT_CONVERSION = YES_AGGRESSIVE;
				CLANG_CXX_LANGUAGE_STANDARD = "gnu++20";
				CLANG_ENABLE_MODULES = YES;
				CLANG_ENABLE_OBJC_ARC = YES;
				CLANG_ENABLE_OBJC_WEAK = YES;
				CLANG_WARN_BLOCK_CAPTURE_AUTORELEASING = YES;
				CLANG_WARN_BOOL_CONVERSION = YES;
				CLANG_WARN_COMMA = YES;
				CLANG_WARN_CONSTANT_CONVERSION = YES;
				CLANG_WARN_DEPRECATED_OBJC_IMPLEMENTATIONS = YES;
				CLANG_WARN_DIRECT_OBJC_ISA_USAGE = YES_ERROR;
				CLANG_WARN_DOCUMENTATION_COMMENTS = YES;
				CLANG_WARN_EMPTY_BODY = YES;
				CLANG_WARN_ENUM_CONVERSION = YES;
				CLANG_WARN_INFINITE_RECURSION = YES;
				CLANG_WARN_INT_CONVERSION = YES;
				CLANG_WARN_NON_LITERAL_NULL_CONVERSION = YES;
				CLANG_WARN_OBJC_IMPLICIT_RETAIN_SELF = YES;
				CLANG_WARN_OBJC_LITERAL_CONVERSION = YES;
				CLANG_WARN_OBJC_ROOT_CLASS = YES_ERROR;
				CLANG_WARN_QUOTED_INCLUDE_IN_FRAMEWORK_HEADER = YES;
				CLANG_WARN_RANGE_LOOP_ANALYSIS = YES;
				CLANG_WARN_STRICT_PROTOTYPES = YES;
				CLANG_WARN_SUSPICIOUS_MOVE = YES;
				CLANG_WARN_UNGUARDED_AVAILABILITY = YES_AGGRESSIVE;
				CLANG_WARN_UNREACHABLE_CODE = YES;
				CLANG_WARN__DUPLICATE_METHOD_MATCH = YES;
				COPY_PHASE_STRIP = NO;
				DEBUG_INFORMATION_FORMAT = dwarf;
				ENABLE_STRICT_OBJC_MSGSEND = YES;
				ENABLE_TESTABILITY = YES;
				GCC_C_LANGUAGE_STANDARD = gnu11;
				GCC_DYNAMIC_NO_PIC = NO;
				GCC_NO_COMMON_BLOCKS = YES;
				GCC_OPTIMIZATION_LEVEL = 0;
				GCC_PREPROCESSOR_DEFINITIONS = (
					"DEBUG=1",
					"$(inherited)",
				);
				GCC_WARN_64_TO_32_BIT_CONVERSION = YES;
				GCC_WARN_ABOUT_RETURN_TYPE = YES_ERROR;
				GCC_WARN_UNDECLARED_SELECTOR = YES;
				GCC_WARN_UNINITIALIZED_AUTOS = YES_AGGRESSIVE;
				GCC_WARN_UNUSED_FUNCTION = YES;
				GCC_WARN_UNUSED_VARIABLE = YES;
				IPHONEOS_DEPLOYMENT_TARGET = 16.4;
				MTL_ENABLE_DEBUG_INFO = INCLUDE_SOURCE;
				MTL_FAST_MATH = YES;
				ONLY_ACTIVE_ARCH = YES;
				SDKROOT = iphoneos;
				SWIFT_ACTIVE_COMPILATION_CONDITIONS = DEBUG;
				SWIFT_OPTIMIZATION_LEVEL = "-Onone";
			};
			name = Debug;
		};
		568CF83C2B0394B100AD978A /* Release */ = {
			isa = XCBuildConfiguration;
			buildSettings = {
				ALWAYS_SEARCH_USER_PATHS = NO;
				CLANG_ANALYZER_NONNULL = YES;
				CLANG_ANALYZER_NUMBER_OBJECT_CONVERSION = YES_AGGRESSIVE;
				CLANG_CXX_LANGUAGE_STANDARD = "gnu++20";
				CLANG_ENABLE_MODULES = YES;
				CLANG_ENABLE_OBJC_ARC = YES;
				CLANG_ENABLE_OBJC_WEAK = YES;
				CLANG_WARN_BLOCK_CAPTURE_AUTORELEASING = YES;
				CLANG_WARN_BOOL_CONVERSION = YES;
				CLANG_WARN_COMMA = YES;
				CLANG_WARN_CONSTANT_CONVERSION = YES;
				CLANG_WARN_DEPRECATED_OBJC_IMPLEMENTATIONS = YES;
				CLANG_WARN_DIRECT_OBJC_ISA_USAGE = YES_ERROR;
				CLANG_WARN_DOCUMENTATION_COMMENTS = YES;
				CLANG_WARN_EMPTY_BODY = YES;
				CLANG_WARN_ENUM_CONVERSION = YES;
				CLANG_WARN_INFINITE_RECURSION = YES;
				CLANG_WARN_INT_CONVERSION = YES;
				CLANG_WARN_NON_LITERAL_NULL_CONVERSION = YES;
				CLANG_WARN_OBJC_IMPLICIT_RETAIN_SELF = YES;
				CLANG_WARN_OBJC_LITERAL_CONVERSION = YES;
				CLANG_WARN_OBJC_ROOT_CLASS = YES_ERROR;
				CLANG_WARN_QUOTED_INCLUDE_IN_FRAMEWORK_HEADER = YES;
				CLANG_WARN_RANGE_LOOP_ANALYSIS = YES;
				CLANG_WARN_STRICT_PROTOTYPES = YES;
				CLANG_WARN_SUSPICIOUS_MOVE = YES;
				CLANG_WARN_UNGUARDED_AVAILABILITY = YES_AGGRESSIVE;
				CLANG_WARN_UNREACHABLE_CODE = YES;
				CLANG_WARN__DUPLICATE_METHOD_MATCH = YES;
				COPY_PHASE_STRIP = NO;
				DEBUG_INFORMATION_FORMAT = "dwarf-with-dsym";
				ENABLE_NS_ASSERTIONS = NO;
				ENABLE_STRICT_OBJC_MSGSEND = YES;
				GCC_C_LANGUAGE_STANDARD = gnu11;
				GCC_NO_COMMON_BLOCKS = YES;
				GCC_WARN_64_TO_32_BIT_CONVERSION = YES;
				GCC_WARN_ABOUT_RETURN_TYPE = YES_ERROR;
				GCC_WARN_UNDECLARED_SELECTOR = YES;
				GCC_WARN_UNINITIALIZED_AUTOS = YES_AGGRESSIVE;
				GCC_WARN_UNUSED_FUNCTION = YES;
				GCC_WARN_UNUSED_VARIABLE = YES;
				IPHONEOS_DEPLOYMENT_TARGET = 16.4;
				MTL_ENABLE_DEBUG_INFO = NO;
				MTL_FAST_MATH = YES;
				SDKROOT = iphoneos;
				SWIFT_COMPILATION_MODE = wholemodule;
				SWIFT_OPTIMIZATION_LEVEL = "-O";
				VALIDATE_PRODUCT = YES;
			};
			name = Release;
		};
		568CF83E2B0394B100AD978A /* Debug */ = {
			isa = XCBuildConfiguration;
			buildSettings = {
				ASSETCATALOG_COMPILER_APPICON_NAME = AppIcon;
				ASSETCATALOG_COMPILER_GLOBAL_ACCENT_COLOR_NAME = AccentColor;
				CODE_SIGN_STYLE = Automatic;
				CURRENT_PROJECT_VERSION = 1;
				DEVELOPMENT_TEAM = YRZW7MZ3P5;
				GENERATE_INFOPLIST_FILE = YES;
				INFOPLIST_FILE = "CustomVideoCamera-Swift/Info.plist";
				INFOPLIST_KEY_UIApplicationSupportsIndirectInputEvents = YES;
				INFOPLIST_KEY_UILaunchStoryboardName = LaunchScreen;
				INFOPLIST_KEY_UIMainStoryboardFile = Main;
				INFOPLIST_KEY_UISupportedInterfaceOrientations_iPad = "UIInterfaceOrientationPortrait UIInterfaceOrientationPortraitUpsideDown UIInterfaceOrientationLandscapeLeft UIInterfaceOrientationLandscapeRight";
				INFOPLIST_KEY_UISupportedInterfaceOrientations_iPhone = "UIInterfaceOrientationPortrait UIInterfaceOrientationLandscapeLeft UIInterfaceOrientationLandscapeRight";
				LD_RUNPATH_SEARCH_PATHS = (
					"$(inherited)",
					"@executable_path/Frameworks",
				);
				MARKETING_VERSION = 1.0;
				PRODUCT_BUNDLE_IDENTIFIER = "com.jingni.CustomVideoCamera-Swift.CustomVideoCamera-Swift";
				PRODUCT_NAME = "$(TARGET_NAME)";
				SWIFT_EMIT_LOC_STRINGS = YES;
				SWIFT_VERSION = 5.0;
				TARGETED_DEVICE_FAMILY = "1,2";
			};
			name = Debug;
		};
		568CF83F2B0394B100AD978A /* Release */ = {
			isa = XCBuildConfiguration;
			buildSettings = {
				ASSETCATALOG_COMPILER_APPICON_NAME = AppIcon;
				ASSETCATALOG_COMPILER_GLOBAL_ACCENT_COLOR_NAME = AccentColor;
				CODE_SIGN_STYLE = Automatic;
				CURRENT_PROJECT_VERSION = 1;
				DEVELOPMENT_TEAM = YRZW7MZ3P5;
				GENERATE_INFOPLIST_FILE = YES;
				INFOPLIST_FILE = "CustomVideoCamera-Swift/Info.plist";
				INFOPLIST_KEY_UIApplicationSupportsIndirectInputEvents = YES;
				INFOPLIST_KEY_UILaunchStoryboardName = LaunchScreen;
				INFOPLIST_KEY_UIMainStoryboardFile = Main;
				INFOPLIST_KEY_UISupportedInterfaceOrientations_iPad = "UIInterfaceOrientationPortrait UIInterfaceOrientationPortraitUpsideDown UIInterfaceOrientationLandscapeLeft UIInterfaceOrientationLandscapeRight";
				INFOPLIST_KEY_UISupportedInterfaceOrientations_iPhone = "UIInterfaceOrientationPortrait UIInterfaceOrientationLandscapeLeft UIInterfaceOrientationLandscapeRight";
				LD_RUNPATH_SEARCH_PATHS = (
					"$(inherited)",
					"@executable_path/Frameworks",
				);
				MARKETING_VERSION = 1.0;
				PRODUCT_BUNDLE_IDENTIFIER = "com.jingni.CustomVideoCamera-Swift.CustomVideoCamera-Swift";
				PRODUCT_NAME = "$(TARGET_NAME)";
				SWIFT_EMIT_LOC_STRINGS = YES;
				SWIFT_VERSION = 5.0;
				TARGETED_DEVICE_FAMILY = "1,2";
			};
			name = Release;
		};
		568CF8412B0394B100AD978A /* Debug */ = {
			isa = XCBuildConfiguration;
			buildSettings = {
				ALWAYS_EMBED_SWIFT_STANDARD_LIBRARIES = YES;
				BUNDLE_LOADER = "$(TEST_HOST)";
				CODE_SIGN_STYLE = Automatic;
				CURRENT_PROJECT_VERSION = 1;
				DEVELOPMENT_TEAM = YRZW7MZ3P5;
				GENERATE_INFOPLIST_FILE = YES;
				IPHONEOS_DEPLOYMENT_TARGET = 16.4;
				MARKETING_VERSION = 1.0;
				PRODUCT_BUNDLE_IDENTIFIER = "com.jingni.CustomVideoCamera-Swift.CustomVideoCamera-SwiftTests";
				PRODUCT_NAME = "$(TARGET_NAME)";
				SWIFT_EMIT_LOC_STRINGS = NO;
				SWIFT_VERSION = 5.0;
				TARGETED_DEVICE_FAMILY = "1,2";
				TEST_HOST = "$(BUILT_PRODUCTS_DIR)/CustomVideoCamera-Swift.app/$(BUNDLE_EXECUTABLE_FOLDER_PATH)/CustomVideoCamera-Swift";
			};
			name = Debug;
		};
		568CF8422B0394B100AD978A /* Release */ = {
			isa = XCBuildConfiguration;
			buildSettings = {
				ALWAYS_EMBED_SWIFT_STANDARD_LIBRARIES = YES;
				BUNDLE_LOADER = "$(TEST_HOST)";
				CODE_SIGN_STYLE = Automatic;
				CURRENT_PROJECT_VERSION = 1;
				DEVELOPMENT_TEAM = YRZW7MZ3P5;
				GENERATE_INFOPLIST_FILE = YES;
				IPHONEOS_DEPLOYMENT_TARGET = 16.4;
				MARKETING_VERSION = 1.0;
				PRODUCT_BUNDLE_IDENTIFIER = "com.jingni.CustomVideoCamera-Swift.CustomVideoCamera-SwiftTests";
				PRODUCT_NAME = "$(TARGET_NAME)";
				SWIFT_EMIT_LOC_STRINGS = NO;
				SWIFT_VERSION = 5.0;
				TARGETED_DEVICE_FAMILY = "1,2";
				TEST_HOST = "$(BUILT_PRODUCTS_DIR)/CustomVideoCamera-Swift.app/$(BUNDLE_EXECUTABLE_FOLDER_PATH)/CustomVideoCamera-Swift";
			};
			name = Release;
		};
		568CF8442B0394B100AD978A /* Debug */ = {
			isa = XCBuildConfiguration;
			buildSettings = {
				ALWAYS_EMBED_SWIFT_STANDARD_LIBRARIES = YES;
				CODE_SIGN_STYLE = Automatic;
				CURRENT_PROJECT_VERSION = 1;
				DEVELOPMENT_TEAM = YRZW7MZ3P5;
				GENERATE_INFOPLIST_FILE = YES;
				MARKETING_VERSION = 1.0;
				PRODUCT_BUNDLE_IDENTIFIER = "com.jingni.CustomVideoCamera-Swift.CustomVideoCamera-SwiftUITests";
				PRODUCT_NAME = "$(TARGET_NAME)";
				SWIFT_EMIT_LOC_STRINGS = NO;
				SWIFT_VERSION = 5.0;
				TARGETED_DEVICE_FAMILY = "1,2";
				TEST_TARGET_NAME = "CustomVideoCamera-Swift";
			};
			name = Debug;
		};
		568CF8452B0394B100AD978A /* Release */ = {
			isa = XCBuildConfiguration;
			buildSettings = {
				ALWAYS_EMBED_SWIFT_STANDARD_LIBRARIES = YES;
				CODE_SIGN_STYLE = Automatic;
				CURRENT_PROJECT_VERSION = 1;
				DEVELOPMENT_TEAM = YRZW7MZ3P5;
				GENERATE_INFOPLIST_FILE = YES;
				MARKETING_VERSION = 1.0;
				PRODUCT_BUNDLE_IDENTIFIER = "com.jingni.CustomVideoCamera-Swift.CustomVideoCamera-SwiftUITests";
				PRODUCT_NAME = "$(TARGET_NAME)";
				SWIFT_EMIT_LOC_STRINGS = NO;
				SWIFT_VERSION = 5.0;
				TARGETED_DEVICE_FAMILY = "1,2";
				TEST_TARGET_NAME = "CustomVideoCamera-Swift";
			};
			name = Release;
		};
/* End XCBuildConfiguration section */

/* Begin XCConfigurationList section */
		568CF80E2B0394AF00AD978A /* Build configuration list for PBXProject "CustomVideoCamera-Swift" */ = {
			isa = XCConfigurationList;
			buildConfigurations = (
				568CF83B2B0394B100AD978A /* Debug */,
				568CF83C2B0394B100AD978A /* Release */,
			);
			defaultConfigurationIsVisible = 0;
			defaultConfigurationName = Release;
		};
		568CF83D2B0394B100AD978A /* Build configuration list for PBXNativeTarget "CustomVideoCamera-Swift" */ = {
			isa = XCConfigurationList;
			buildConfigurations = (
				568CF83E2B0394B100AD978A /* Debug */,
				568CF83F2B0394B100AD978A /* Release */,
			);
			defaultConfigurationIsVisible = 0;
			defaultConfigurationName = Release;
		};
		568CF8402B0394B100AD978A /* Build configuration list for PBXNativeTarget "CustomVideoCamera-SwiftTests" */ = {
			isa = XCConfigurationList;
			buildConfigurations = (
				568CF8412B0394B100AD978A /* Debug */,
				568CF8422B0394B100AD978A /* Release */,
			);
			defaultConfigurationIsVisible = 0;
			defaultConfigurationName = Release;
		};
		568CF8432B0394B100AD978A /* Build configuration list for PBXNativeTarget "CustomVideoCamera-SwiftUITests" */ = {
			isa = XCConfigurationList;
			buildConfigurations = (
				568CF8442B0394B100AD978A /* Debug */,
				568CF8452B0394B100AD978A /* Release */,
			);
			defaultConfigurationIsVisible = 0;
			defaultConfigurationName = Release;
		};
/* End XCConfigurationList section */
	};
	rootObject = 568CF80B2B0394AF00AD978A /* Project object */;
}
